// !$*UTF8*$!
{
	archiveVersion = 1;
	classes = {
	};
	objectVersion = 55;
	objects = {

/* Begin PBXBuildFile section */
		1EC9FADB281A27BC008BAC50 /* AppDelegate.swift in Sources */ = {isa = PBXBuildFile; fileRef = 1EC9FADA281A27BC008BAC50 /* AppDelegate.swift */; };
		1EC9FADD281A27BC008BAC50 /* SceneDelegate.swift in Sources */ = {isa = PBXBuildFile; fileRef = 1EC9FADC281A27BC008BAC50 /* SceneDelegate.swift */; };
		1EC9FADF281A27BC008BAC50 /* BaseViewController.swift in Sources */ = {isa = PBXBuildFile; fileRef = 1EC9FADE281A27BC008BAC50 /* BaseViewController.swift */; };
		1EC9FAE4281A27BD008BAC50 /* Assets.xcassets in Resources */ = {isa = PBXBuildFile; fileRef = 1EC9FAE3281A27BD008BAC50 /* Assets.xcassets */; };
		1EC9FAE7281A27BD008BAC50 /* LaunchScreen.storyboard in Resources */ = {isa = PBXBuildFile; fileRef = 1EC9FAE5281A27BD008BAC50 /* LaunchScreen.storyboard */; };
		1EC9FAF3281A2C86008BAC50 /* TabBarViewController.swift in Sources */ = {isa = PBXBuildFile; fileRef = 1EC9FAF2281A2C86008BAC50 /* TabBarViewController.swift */; };
		1EC9FAF6281A2DBD008BAC50 /* HomeViewController.swift in Sources */ = {isa = PBXBuildFile; fileRef = 1EC9FAF5281A2DBD008BAC50 /* HomeViewController.swift */; };
		1EC9FAF8281A2DE3008BAC50 /* HistoryViewController.swift in Sources */ = {isa = PBXBuildFile; fileRef = 1EC9FAF7281A2DE3008BAC50 /* HistoryViewController.swift */; };
		1EC9FAFA281A2F31008BAC50 /* GradientView.swift in Sources */ = {isa = PBXBuildFile; fileRef = 1EC9FAF9281A2F31008BAC50 /* GradientView.swift */; };
		1EC9FAFC281A3193008BAC50 /* CircularButton.swift in Sources */ = {isa = PBXBuildFile; fileRef = 1EC9FAFB281A3193008BAC50 /* CircularButton.swift */; };
		1EC9FAFE281A326B008BAC50 /* LocationManager.swift in Sources */ = {isa = PBXBuildFile; fileRef = 1EC9FAFD281A326B008BAC50 /* LocationManager.swift */; };
		1EC9FB00281A55A7008BAC50 /* CurrentRunViewController.swift in Sources */ = {isa = PBXBuildFile; fileRef = 1EC9FAFF281A55A7008BAC50 /* CurrentRunViewController.swift */; };
		1EC9FB02281A6CDD008BAC50 /* Int+Extensions.swift in Sources */ = {isa = PBXBuildFile; fileRef = 1EC9FB01281A6CDD008BAC50 /* Int+Extensions.swift */; };
		1EC9FB04281A71ED008BAC50 /* Double+Extensions.swift in Sources */ = {isa = PBXBuildFile; fileRef = 1EC9FB03281A71ED008BAC50 /* Double+Extensions.swift */; };
		1EC9FB06281A76DE008BAC50 /* HistoryTableViewCell.swift in Sources */ = {isa = PBXBuildFile; fileRef = 1EC9FB05281A76DE008BAC50 /* HistoryTableViewCell.swift */; };
/* End PBXBuildFile section */

/* Begin PBXFileReference section */
		1EC9FAD7281A27BC008BAC50 /* RunAwesome.app */ = {isa = PBXFileReference; explicitFileType = wrapper.application; includeInIndex = 0; path = RunAwesome.app; sourceTree = BUILT_PRODUCTS_DIR; };
		1EC9FADA281A27BC008BAC50 /* AppDelegate.swift */ = {isa = PBXFileReference; lastKnownFileType = sourcecode.swift; path = AppDelegate.swift; sourceTree = "<group>"; };
		1EC9FADC281A27BC008BAC50 /* SceneDelegate.swift */ = {isa = PBXFileReference; lastKnownFileType = sourcecode.swift; path = SceneDelegate.swift; sourceTree = "<group>"; };
		1EC9FADE281A27BC008BAC50 /* BaseViewController.swift */ = {isa = PBXFileReference; lastKnownFileType = sourcecode.swift; path = BaseViewController.swift; sourceTree = "<group>"; };
		1EC9FAE3281A27BD008BAC50 /* Assets.xcassets */ = {isa = PBXFileReference; lastKnownFileType = folder.assetcatalog; path = Assets.xcassets; sourceTree = "<group>"; };
		1EC9FAE6281A27BD008BAC50 /* Base */ = {isa = PBXFileReference; lastKnownFileType = file.storyboard; name = Base; path = Base.lproj/LaunchScreen.storyboard; sourceTree = "<group>"; };
		1EC9FAE8281A27BD008BAC50 /* Info.plist */ = {isa = PBXFileReference; lastKnownFileType = text.plist.xml; path = Info.plist; sourceTree = "<group>"; };
		1EC9FAF2281A2C86008BAC50 /* TabBarViewController.swift */ = {isa = PBXFileReference; lastKnownFileType = sourcecode.swift; path = TabBarViewController.swift; sourceTree = "<group>"; };
		1EC9FAF5281A2DBD008BAC50 /* HomeViewController.swift */ = {isa = PBXFileReference; lastKnownFileType = sourcecode.swift; path = HomeViewController.swift; sourceTree = "<group>"; };
		1EC9FAF7281A2DE3008BAC50 /* HistoryViewController.swift */ = {isa = PBXFileReference; lastKnownFileType = sourcecode.swift; path = HistoryViewController.swift; sourceTree = "<group>"; };
		1EC9FAF9281A2F31008BAC50 /* GradientView.swift */ = {isa = PBXFileReference; lastKnownFileType = sourcecode.swift; path = GradientView.swift; sourceTree = "<group>"; };
		1EC9FAFB281A3193008BAC50 /* CircularButton.swift */ = {isa = PBXFileReference; lastKnownFileType = sourcecode.swift; path = CircularButton.swift; sourceTree = "<group>"; };
		1EC9FAFD281A326B008BAC50 /* LocationManager.swift */ = {isa = PBXFileReference; lastKnownFileType = sourcecode.swift; path = LocationManager.swift; sourceTree = "<group>"; };
		1EC9FAFF281A55A7008BAC50 /* CurrentRunViewController.swift */ = {isa = PBXFileReference; lastKnownFileType = sourcecode.swift; path = CurrentRunViewController.swift; sourceTree = "<group>"; };
		1EC9FB01281A6CDD008BAC50 /* Int+Extensions.swift */ = {isa = PBXFileReference; lastKnownFileType = sourcecode.swift; path = "Int+Extensions.swift"; sourceTree = "<group>"; };
		1EC9FB03281A71ED008BAC50 /* Double+Extensions.swift */ = {isa = PBXFileReference; lastKnownFileType = sourcecode.swift; path = "Double+Extensions.swift"; sourceTree = "<group>"; };
		1EC9FB05281A76DE008BAC50 /* HistoryTableViewCell.swift */ = {isa = PBXFileReference; lastKnownFileType = sourcecode.swift; path = HistoryTableViewCell.swift; sourceTree = "<group>"; };
/* End PBXFileReference section */

/* Begin PBXFrameworksBuildPhase section */
		1EC9FAD4281A27BC008BAC50 /* Frameworks */ = {
			isa = PBXFrameworksBuildPhase;
			buildActionMask = 2147483647;
			files = (
			);
			runOnlyForDeploymentPostprocessing = 0;
		};
/* End PBXFrameworksBuildPhase section */

/* Begin PBXGroup section */
		1EC9FACE281A27BC008BAC50 = {
			isa = PBXGroup;
			children = (
				1EC9FAD9281A27BC008BAC50 /* RunAwesome */,
				1EC9FAD8281A27BC008BAC50 /* Products */,
			);
			sourceTree = "<group>";
		};
		1EC9FAD8281A27BC008BAC50 /* Products */ = {
			isa = PBXGroup;
			children = (
				1EC9FAD7281A27BC008BAC50 /* RunAwesome.app */,
			);
			name = Products;
			sourceTree = "<group>";
		};
		1EC9FAD9281A27BC008BAC50 /* RunAwesome */ = {
			isa = PBXGroup;
			children = (
				1EC9FAF4281A2D8A008BAC50 /* ViewControllers */,
				1EC9FAF0281A2B3E008BAC50 /* Views */,
				1EC9FAEF281A2B35008BAC50 /* Helpers */,
				1EC9FADA281A27BC008BAC50 /* AppDelegate.swift */,
				1EC9FADC281A27BC008BAC50 /* SceneDelegate.swift */,
				1EC9FAE3281A27BD008BAC50 /* Assets.xcassets */,
				1EC9FAE5281A27BD008BAC50 /* LaunchScreen.storyboard */,
				1EC9FAE8281A27BD008BAC50 /* Info.plist */,
			);
			path = RunAwesome;
			sourceTree = "<group>";
		};
		1EC9FAEF281A2B35008BAC50 /* Helpers */ = {
			isa = PBXGroup;
			children = (
				1EC9FAF2281A2C86008BAC50 /* TabBarViewController.swift */,
				1EC9FAFD281A326B008BAC50 /* LocationManager.swift */,
				1EC9FB01281A6CDD008BAC50 /* Int+Extensions.swift */,
				1EC9FB03281A71ED008BAC50 /* Double+Extensions.swift */,
			);
			path = Helpers;
			sourceTree = "<group>";
		};
		1EC9FAF0281A2B3E008BAC50 /* Views */ = {
			isa = PBXGroup;
			children = (
				1EC9FAF9281A2F31008BAC50 /* GradientView.swift */,
				1EC9FAFB281A3193008BAC50 /* CircularButton.swift */,
				1EC9FB05281A76DE008BAC50 /* HistoryTableViewCell.swift */,
			);
			path = Views;
			sourceTree = "<group>";
		};
		1EC9FAF4281A2D8A008BAC50 /* ViewControllers */ = {
			isa = PBXGroup;
			children = (
				1EC9FADE281A27BC008BAC50 /* BaseViewController.swift */,
				1EC9FAF5281A2DBD008BAC50 /* HomeViewController.swift */,
				1EC9FAF7281A2DE3008BAC50 /* HistoryViewController.swift */,
				1EC9FAFF281A55A7008BAC50 /* CurrentRunViewController.swift */,
			);
			path = ViewControllers;
			sourceTree = "<group>";
		};
/* End PBXGroup section */

/* Begin PBXNativeTarget section */
		1EC9FAD6281A27BC008BAC50 /* RunAwesome */ = {
			isa = PBXNativeTarget;
			buildConfigurationList = 1EC9FAEB281A27BD008BAC50 /* Build configuration list for PBXNativeTarget "RunAwesome" */;
			buildPhases = (
				1EC9FAD3281A27BC008BAC50 /* Sources */,
				1EC9FAD4281A27BC008BAC50 /* Frameworks */,
				1EC9FAD5281A27BC008BAC50 /* Resources */,
			);
			buildRules = (
			);
			dependencies = (
			);
			name = RunAwesome;
			productName = RunAwesome;
			productReference = 1EC9FAD7281A27BC008BAC50 /* RunAwesome.app */;
			productType = "com.apple.product-type.application";
		};
/* End PBXNativeTarget section */

/* Begin PBXProject section */
		1EC9FACF281A27BC008BAC50 /* Project object */ = {
			isa = PBXProject;
			attributes = {
				BuildIndependentTargetsInParallel = 1;
				LastSwiftUpdateCheck = 1320;
				LastUpgradeCheck = 1320;
				TargetAttributes = {
					1EC9FAD6281A27BC008BAC50 = {
						CreatedOnToolsVersion = 13.2.1;
					};
				};
			};
			buildConfigurationList = 1EC9FAD2281A27BC008BAC50 /* Build configuration list for PBXProject "RunAwesome" */;
			compatibilityVersion = "Xcode 13.0";
			developmentRegion = en;
			hasScannedForEncodings = 0;
			knownRegions = (
				en,
				Base,
			);
			mainGroup = 1EC9FACE281A27BC008BAC50;
			productRefGroup = 1EC9FAD8281A27BC008BAC50 /* Products */;
			projectDirPath = "";
			projectRoot = "";
			targets = (
				1EC9FAD6281A27BC008BAC50 /* RunAwesome */,
			);
		};
/* End PBXProject section */

/* Begin PBXResourcesBuildPhase section */
		1EC9FAD5281A27BC008BAC50 /* Resources */ = {
			isa = PBXResourcesBuildPhase;
			buildActionMask = 2147483647;
			files = (
				1EC9FAE7281A27BD008BAC50 /* LaunchScreen.storyboard in Resources */,
				1EC9FAE4281A27BD008BAC50 /* Assets.xcassets in Resources */,
			);
			runOnlyForDeploymentPostprocessing = 0;
		};
/* End PBXResourcesBuildPhase section */

/* Begin PBXSourcesBuildPhase section */
		1EC9FAD3281A27BC008BAC50 /* Sources */ = {
			isa = PBXSourcesBuildPhase;
			buildActionMask = 2147483647;
			files = (
				1EC9FB04281A71ED008BAC50 /* Double+Extensions.swift in Sources */,
				1EC9FAFC281A3193008BAC50 /* CircularButton.swift in Sources */,
				1EC9FB06281A76DE008BAC50 /* HistoryTableViewCell.swift in Sources */,
				1EC9FAF6281A2DBD008BAC50 /* HomeViewController.swift in Sources */,
				1EC9FAF3281A2C86008BAC50 /* TabBarViewController.swift in Sources */,
				1EC9FADF281A27BC008BAC50 /* BaseViewController.swift in Sources */,
				1EC9FAF8281A2DE3008BAC50 /* HistoryViewController.swift in Sources */,
				1EC9FAFA281A2F31008BAC50 /* GradientView.swift in Sources */,
				1EC9FB00281A55A7008BAC50 /* CurrentRunViewController.swift in Sources */,
				1EC9FB02281A6CDD008BAC50 /* Int+Extensions.swift in Sources */,
				1EC9FADB281A27BC008BAC50 /* AppDelegate.swift in Sources */,
				1EC9FADD281A27BC008BAC50 /* SceneDelegate.swift in Sources */,
				1EC9FAFE281A326B008BAC50 /* LocationManager.swift in Sources */,
			);
			runOnlyForDeploymentPostprocessing = 0;
		};
/* End PBXSourcesBuildPhase section */

/* Begin PBXVariantGroup section */
		1EC9FAE5281A27BD008BAC50 /* LaunchScreen.storyboard */ = {
			isa = PBXVariantGroup;
			children = (
				1EC9FAE6281A27BD008BAC50 /* Base */,
			);
			name = LaunchScreen.storyboard;
			sourceTree = "<group>";
		};
/* End PBXVariantGroup section */

/* Begin XCBuildConfiguration section */
		1EC9FAE9281A27BD008BAC50 /* Debug */ = {
			isa = XCBuildConfiguration;
			buildSettings = {
				ALWAYS_SEARCH_USER_PATHS = NO;
				CLANG_ANALYZER_NONNULL = YES;
				CLANG_ANALYZER_NUMBER_OBJECT_CONVERSION = YES_AGGRESSIVE;
				CLANG_CXX_LANGUAGE_STANDARD = "gnu++17";
				CLANG_CXX_LIBRARY = "libc++";
				CLANG_ENABLE_MODULES = YES;
				CLANG_ENABLE_OBJC_ARC = YES;
				CLANG_ENABLE_OBJC_WEAK = YES;
				CLANG_WARN_BLOCK_CAPTURE_AUTORELEASING = YES;
				CLANG_WARN_BOOL_CONVERSION = YES;
				CLANG_WARN_COMMA = YES;
				CLANG_WARN_CONSTANT_CONVERSION = YES;
				CLANG_WARN_DEPRECATED_OBJC_IMPLEMENTATIONS = YES;
				CLANG_WARN_DIRECT_OBJC_ISA_USAGE = YES_ERROR;
				CLANG_WARN_DOCUMENTATION_COMMENTS = YES;
				CLANG_WARN_EMPTY_BODY = YES;
				CLANG_WARN_ENUM_CONVERSION = YES;
				CLANG_WARN_INFINITE_RECURSION = YES;
				CLANG_WARN_INT_CONVERSION = YES;
				CLANG_WARN_NON_LITERAL_NULL_CONVERSION = YES;
				CLANG_WARN_OBJC_IMPLICIT_RETAIN_SELF = YES;
				CLANG_WARN_OBJC_LITERAL_CONVERSION = YES;
				CLANG_WARN_OBJC_ROOT_CLASS = YES_ERROR;
				CLANG_WARN_QUOTED_INCLUDE_IN_FRAMEWORK_HEADER = YES;
				CLANG_WARN_RANGE_LOOP_ANALYSIS = YES;
				CLANG_WARN_STRICT_PROTOTYPES = YES;
				CLANG_WARN_SUSPICIOUS_MOVE = YES;
				CLANG_WARN_UNGUARDED_AVAILABILITY = YES_AGGRESSIVE;
				CLANG_WARN_UNREACHABLE_CODE = YES;
				CLANG_WARN__DUPLICATE_METHOD_MATCH = YES;
				COPY_PHASE_STRIP = NO;
				DEBUG_INFORMATION_FORMAT = dwarf;
				ENABLE_STRICT_OBJC_MSGSEND = YES;
				ENABLE_TESTABILITY = YES;
				GCC_C_LANGUAGE_STANDARD = gnu11;
				GCC_DYNAMIC_NO_PIC = NO;
				GCC_NO_COMMON_BLOCKS = YES;
				GCC_OPTIMIZATION_LEVEL = 0;
				GCC_PREPROCESSOR_DEFINITIONS = (
					"DEBUG=1",
					"$(inherited)",
				);
				GCC_WARN_64_TO_32_BIT_CONVERSION = YES;
				GCC_WARN_ABOUT_RETURN_TYPE = YES_ERROR;
				GCC_WARN_UNDECLARED_SELECTOR = YES;
				GCC_WARN_UNINITIALIZED_AUTOS = YES_AGGRESSIVE;
				GCC_WARN_UNUSED_FUNCTION = YES;
				GCC_WARN_UNUSED_VARIABLE = YES;
				IPHONEOS_DEPLOYMENT_TARGET = 14.5;
				MTL_ENABLE_DEBUG_INFO = INCLUDE_SOURCE;
				MTL_FAST_MATH = YES;
				ONLY_ACTIVE_ARCH = YES;
				SDKROOT = iphoneos;
				SWIFT_ACTIVE_COMPILATION_CONDITIONS = DEBUG;
				SWIFT_OPTIMIZATION_LEVEL = "-Onone";
			};
			name = Debug;
		};
		1EC9FAEA281A27BD008BAC50 /* Release */ = {
			isa = XCBuildConfiguration;
			buildSettings = {
				ALWAYS_SEARCH_USER_PATHS = NO;
				CLANG_ANALYZER_NONNULL = YES;
				CLANG_ANALYZER_NUMBER_OBJECT_CONVERSION = YES_AGGRESSIVE;
				CLANG_CXX_LANGUAGE_STANDARD = "gnu++17";
				CLANG_CXX_LIBRARY = "libc++";
				CLANG_ENABLE_MODULES = YES;
				CLANG_ENABLE_OBJC_ARC = YES;
				CLANG_ENABLE_OBJC_WEAK = YES;
				CLANG_WARN_BLOCK_CAPTURE_AUTORELEASING = YES;
				CLANG_WARN_BOOL_CONVERSION = YES;
				CLANG_WARN_COMMA = YES;
				CLANG_WARN_CONSTANT_CONVERSION = YES;
				CLANG_WARN_DEPRECATED_OBJC_IMPLEMENTATIONS = YES;
				CLANG_WARN_DIRECT_OBJC_ISA_USAGE = YES_ERROR;
				CLANG_WARN_DOCUMENTATION_COMMENTS = YES;
				CLANG_WARN_EMPTY_BODY = YES;
				CLANG_WARN_ENUM_CONVERSION = YES;
				CLANG_WARN_INFINITE_RECURSION = YES;
				CLANG_WARN_INT_CONVERSION = YES;
				CLANG_WARN_NON_LITERAL_NULL_CONVERSION = YES;
				CLANG_WARN_OBJC_IMPLICIT_RETAIN_SELF = YES;
				CLANG_WARN_OBJC_LITERAL_CONVERSION = YES;
				CLANG_WARN_OBJC_ROOT_CLASS = YES_ERROR;
				CLANG_WARN_QUOTED_INCLUDE_IN_FRAMEWORK_HEADER = YES;
				CLANG_WARN_RANGE_LOOP_ANALYSIS = YES;
				CLANG_WARN_STRICT_PROTOTYPES = YES;
				CLANG_WARN_SUSPICIOUS_MOVE = YES;
				CLANG_WARN_UNGUARDED_AVAILABILITY = YES_AGGRESSIVE;
				CLANG_WARN_UNREACHABLE_CODE = YES;
				CLANG_WARN__DUPLICATE_METHOD_MATCH = YES;
				COPY_PHASE_STRIP = NO;
				DEBUG_INFORMATION_FORMAT = "dwarf-with-dsym";
				ENABLE_NS_ASSERTIONS = NO;
				ENABLE_STRICT_OBJC_MSGSEND = YES;
				GCC_C_LANGUAGE_STANDARD = gnu11;
				GCC_NO_COMMON_BLOCKS = YES;
				GCC_WARN_64_TO_32_BIT_CONVERSION = YES;
				GCC_WARN_ABOUT_RETURN_TYPE = YES_ERROR;
				GCC_WARN_UNDECLARED_SELECTOR = YES;
				GCC_WARN_UNINITIALIZED_AUTOS = YES_AGGRESSIVE;
				GCC_WARN_UNUSED_FUNCTION = YES;
				GCC_WARN_UNUSED_VARIABLE = YES;
				IPHONEOS_DEPLOYMENT_TARGET = 14.5;
				MTL_ENABLE_DEBUG_INFO = NO;
				MTL_FAST_MATH = YES;
				SDKROOT = iphoneos;
				SWIFT_COMPILATION_MODE = wholemodule;
				SWIFT_OPTIMIZATION_LEVEL = "-O";
				VALIDATE_PRODUCT = YES;
			};
			name = Release;
		};
		1EC9FAEC281A27BD008BAC50 /* Debug */ = {
			isa = XCBuildConfiguration;
			buildSettings = {
				ASSETCATALOG_COMPILER_APPICON_NAME = AppIcon;
				ASSETCATALOG_COMPILER_GLOBAL_ACCENT_COLOR_NAME = AccentColor;
				CODE_SIGN_STYLE = Automatic;
				CURRENT_PROJECT_VERSION = 1;
				DEVELOPMENT_TEAM = 4FTFKXF8N5;
				GENERATE_INFOPLIST_FILE = YES;
				INFOPLIST_FILE = RunAwesome/Info.plist;
				INFOPLIST_KEY_UIApplicationSupportsIndirectInputEvents = YES;
				INFOPLIST_KEY_UILaunchStoryboardName = LaunchScreen;
				INFOPLIST_KEY_UIMainStoryboardFile = LaunchScreen;
				INFOPLIST_KEY_UISupportedInterfaceOrientations_iPad = "UIInterfaceOrientationPortrait UIInterfaceOrientationPortraitUpsideDown UIInterfaceOrientationLandscapeLeft UIInterfaceOrientationLandscapeRight";
				INFOPLIST_KEY_UISupportedInterfaceOrientations_iPhone = "UIInterfaceOrientationPortrait UIInterfaceOrientationLandscapeLeft UIInterfaceOrientationLandscapeRight";
				IPHONEOS_DEPLOYMENT_TARGET = 14.5;
				LD_RUNPATH_SEARCH_PATHS = (
					"$(inherited)",
					"@executable_path/Frameworks",
				);
				MARKETING_VERSION = 1.0;
				PRODUCT_BUNDLE_IDENTIFIER = com.jeongminkim.RunAwesome;
				PRODUCT_NAME = "$(TARGET_NAME)";
				SWIFT_EMIT_LOC_STRINGS = YES;
				SWIFT_VERSION = 5.0;
				TARGETED_DEVICE_FAMILY = "1,2";
			};
			name = Debug;
		};
		1EC9FAED281A27BD008BAC50 /* Release */ = {
			isa = XCBuildConfiguration;
			buildSettings = {
				ASSETCATALOG_COMPILER_APPICON_NAME = AppIcon;
				ASSETCATALOG_COMPILER_GLOBAL_ACCENT_COLOR_NAME = AccentColor;
				CODE_SIGN_STYLE = Automatic;
				CURRENT_PROJECT_VERSION = 1;
				DEVELOPMENT_TEAM = 4FTFKXF8N5;
				GENERATE_INFOPLIST_FILE = YES;
				INFOPLIST_FILE = RunAwesome/Info.plist;
				INFOPLIST_KEY_UIApplicationSupportsIndirectInputEvents = YES;
				INFOPLIST_KEY_UILaunchStoryboardName = LaunchScreen;
				INFOPLIST_KEY_UIMainStoryboardFile = LaunchScreen;
				INFOPLIST_KEY_UISupportedInterfaceOrientations_iPad = "UIInterfaceOrientationPortrait UIInterfaceOrientationPortraitUpsideDown UIInterfaceOrientationLandscapeLeft UIInterfaceOrientationLandscapeRight";
				INFOPLIST_KEY_UISupportedInterfaceOrientations_iPhone = "UIInterfaceOrientationPortrait UIInterfaceOrientationLandscapeLeft UIInterfaceOrientationLandscapeRight";
				IPHONEOS_DEPLOYMENT_TARGET = 14.5;
				LD_RUNPATH_SEARCH_PATHS = (
					"$(inherited)",
					"@executable_path/Frameworks",
				);
				MARKETING_VERSION = 1.0;
				PRODUCT_BUNDLE_IDENTIFIER = com.jeongminkim.RunAwesome;
				PRODUCT_NAME = "$(TARGET_NAME)";
				SWIFT_EMIT_LOC_STRINGS = YES;
				SWIFT_VERSION = 5.0;
				TARGETED_DEVICE_FAMILY = "1,2";
			};
			name = Release;
		};
/* End XCBuildConfiguration section */

/* Begin XCConfigurationList section */
		1EC9FAD2281A27BC008BAC50 /* Build configuration list for PBXProject "RunAwesome" */ = {
			isa = XCConfigurationList;
			buildConfigurations = (
				1EC9FAE9281A27BD008BAC50 /* Debug */,
				1EC9FAEA281A27BD008BAC50 /* Release */,
			);
			defaultConfigurationIsVisible = 0;
			defaultConfigurationName = Release;
		};
		1EC9FAEB281A27BD008BAC50 /* Build configuration list for PBXNativeTarget "RunAwesome" */ = {
			isa = XCConfigurationList;
			buildConfigurations = (
				1EC9FAEC281A27BD008BAC50 /* Debug */,
				1EC9FAED281A27BD008BAC50 /* Release */,
			);
			defaultConfigurationIsVisible = 0;
			defaultConfigurationName = Release;
		};
/* End XCConfigurationList section */
	};
	rootObject = 1EC9FACF281A27BC008BAC50 /* Project object */;
}
